
Microsoft Visual Studio Solution File, Format Version 12.00
# Visual Studio Version 17
VisualStudioVersion = 17.3.32929.385
MinimumVisualStudioVersion = 10.0.40219.1
Project("{FAE04EC0-301F-11D3-BF4B-00C04F79EFBC}") = "Linq-CRUD-MVC", "Linq-CRUD-MVC.csproj", "{F4C27461-4F5F-41FD-AD5B-A2F1AF9728F6}"
EndProject
Global
	GlobalSection(SolutionConfigurationPlatforms) = preSolution
		Debug|Any CPU = Debug|Any CPU
		Release|Any CPU = Release|Any CPU
	EndGlobalSection
	GlobalSection(ProjectConfigurationPlatforms) = postSolution
		{F4C27461-4F5F-41FD-AD5B-A2F1AF9728F6}.Debug|Any CPU.ActiveCfg = Debug|Any CPU
		{F4C27461-4F5F-41FD-AD5B-A2F1AF9728F6}.Debug|Any CPU.Build.0 = Debug|Any CPU
		{F4C27461-4F5F-41FD-AD5B-A2F1AF9728F6}.Release|Any CPU.ActiveCfg = Release|Any CPU
		{F4C27461-4F5F-41FD-AD5B-A2F1AF9728F6}.Release|Any CPU.Build.0 = Release|Any CPU
	EndGlobalSection
	GlobalSection(SolutionProperties) = preSolution
		HideSolutionNode = FALSE
	EndGlobalSection
	GlobalSection(ExtensibilityGlobals) = postSolution
		SolutionGuid = {120E017F-F0B4-42C9-9E44-3FF17CF60B43}
	EndGlobalSection
EndGlobal
